// !$*UTF8*$!
{
	archiveVersion = 1;
	classes = {
	};
	objectVersion = 50;
	objects = {

/* Begin PBXBuildFile section */
		85886B0E2479314400EF7BEE /* AppDelegate.swift in Sources */ = {isa = PBXBuildFile; fileRef = 85886B0D2479314400EF7BEE /* AppDelegate.swift */; };
		85886B102479314400EF7BEE /* SceneDelegate.swift in Sources */ = {isa = PBXBuildFile; fileRef = 85886B0F2479314400EF7BEE /* SceneDelegate.swift */; };
		85886B122479314400EF7BEE /* ViewController.swift in Sources */ = {isa = PBXBuildFile; fileRef = 85886B112479314400EF7BEE /* ViewController.swift */; };
		85886B152479314400EF7BEE /* Main.storyboard in Resources */ = {isa = PBXBuildFile; fileRef = 85886B132479314400EF7BEE /* Main.storyboard */; };
		85886B182479314400EF7BEE /* TipMaster.xcdatamodeld in Sources */ = {isa = PBXBuildFile; fileRef = 85886B162479314400EF7BEE /* TipMaster.xcdatamodeld */; };
		85886B1A2479314800EF7BEE /* Assets.xcassets in Resources */ = {isa = PBXBuildFile; fileRef = 85886B192479314800EF7BEE /* Assets.xcassets */; };
		85886B1D2479314800EF7BEE /* LaunchScreen.storyboard in Resources */ = {isa = PBXBuildFile; fileRef = 85886B1B2479314800EF7BEE /* LaunchScreen.storyboard */; };
/* End PBXBuildFile section */

/* Begin PBXFileReference section */
		85886B0A2479314400EF7BEE /* TipMaster.app */ = {isa = PBXFileReference; explicitFileType = wrapper.application; includeInIndex = 0; path = TipMaster.app; sourceTree = BUILT_PRODUCTS_DIR; };
		85886B0D2479314400EF7BEE /* AppDelegate.swift */ = {isa = PBXFileReference; lastKnownFileType = sourcecode.swift; path = AppDelegate.swift; sourceTree = "<group>"; };
		85886B0F2479314400EF7BEE /* SceneDelegate.swift */ = {isa = PBXFileReference; lastKnownFileType = sourcecode.swift; path = SceneDelegate.swift; sourceTree = "<group>"; };
		85886B112479314400EF7BEE /* ViewController.swift */ = {isa = PBXFileReference; lastKnownFileType = sourcecode.swift; path = ViewController.swift; sourceTree = "<group>"; };
		85886B142479314400EF7BEE /* Base */ = {isa = PBXFileReference; lastKnownFileType = file.storyboard; name = Base; path = Base.lproj/Main.storyboard; sourceTree = "<group>"; };
		85886B172479314400EF7BEE /* TipMaster.xcdatamodel */ = {isa = PBXFileReference; lastKnownFileType = wrapper.xcdatamodel; path = TipMaster.xcdatamodel; sourceTree = "<group>"; };
		85886B192479314800EF7BEE /* Assets.xcassets */ = {isa = PBXFileReference; lastKnownFileType = folder.assetcatalog; path = Assets.xcassets; sourceTree = "<group>"; };
		85886B1C2479314800EF7BEE /* Base */ = {isa = PBXFileReference; lastKnownFileType = file.storyboard; name = Base; path = Base.lproj/LaunchScreen.storyboard; sourceTree = "<group>"; };
		85886B1E2479314800EF7BEE /* Info.plist */ = {isa = PBXFileReference; lastKnownFileType = text.plist.xml; path = Info.plist; sourceTree = "<group>"; };
/* End PBXFileReference section */

/* Begin PBXFrameworksBuildPhase section */
		85886B072479314400EF7BEE /* Frameworks */ = {
			isa = PBXFrameworksBuildPhase;
			buildActionMask = 2147483647;
			files = (
			);
			runOnlyForDeploymentPostprocessing = 0;
		};
/* End PBXFrameworksBuildPhase section */

/* Begin PBXGroup section */
		85886B012479314400EF7BEE = {
			isa = PBXGroup;
			children = (
				85886B0C2479314400EF7BEE /* TipMaster */,
				85886B0B2479314400EF7BEE /* Products */,
			);
			sourceTree = "<group>";
		};
		85886B0B2479314400EF7BEE /* Products */ = {
			isa = PBXGroup;
			children = (
				85886B0A2479314400EF7BEE /* TipMaster.app */,
			);
			name = Products;
			sourceTree = "<group>";
		};
		85886B0C2479314400EF7BEE /* TipMaster */ = {
			isa = PBXGroup;
			children = (
				85886B0D2479314400EF7BEE /* AppDelegate.swift */,
				85886B0F2479314400EF7BEE /* SceneDelegate.swift */,
				85886B112479314400EF7BEE /* ViewController.swift */,
				85886B132479314400EF7BEE /* Main.storyboard */,
				85886B192479314800EF7BEE /* Assets.xcassets */,
				85886B1B2479314800EF7BEE /* LaunchScreen.storyboard */,
				85886B1E2479314800EF7BEE /* Info.plist */,
				85886B162479314400EF7BEE /* TipMaster.xcdatamodeld */,
			);
			path = TipMaster;
			sourceTree = "<group>";
		};
/* End PBXGroup section */

/* Begin PBXNativeTarget section */
		85886B092479314400EF7BEE /* TipMaster */ = {
			isa = PBXNativeTarget;
			buildConfigurationList = 85886B212479314800EF7BEE /* Build configuration list for PBXNativeTarget "TipMaster" */;
			buildPhases = (
				85886B062479314400EF7BEE /* Sources */,
				85886B072479314400EF7BEE /* Frameworks */,
				85886B082479314400EF7BEE /* Resources */,
			);
			buildRules = (
			);
			dependencies = (
			);
			name = TipMaster;
			productName = TipMaster;
			productReference = 85886B0A2479314400EF7BEE /* TipMaster.app */;
			productType = "com.apple.product-type.application";
		};
/* End PBXNativeTarget section */

/* Begin PBXProject section */
		85886B022479314400EF7BEE /* Project object */ = {
			isa = PBXProject;
			attributes = {
				LastSwiftUpdateCheck = 1140;
				LastUpgradeCheck = 1140;
				ORGANIZATIONNAME = "Yos bz";
				TargetAttributes = {
					85886B092479314400EF7BEE = {
						CreatedOnToolsVersion = 11.4.1;
					};
				};
			};
			buildConfigurationList = 85886B052479314400EF7BEE /* Build configuration list for PBXProject "TipMaster" */;
			compatibilityVersion = "Xcode 9.3";
			developmentRegion = en;
			hasScannedForEncodings = 0;
			knownRegions = (
				en,
				Base,
			);
			mainGroup = 85886B012479314400EF7BEE;
			productRefGroup = 85886B0B2479314400EF7BEE /* Products */;
			projectDirPath = "";
			projectRoot = "";
			targets = (
				85886B092479314400EF7BEE /* TipMaster */,
			);
		};
/* End PBXProject section */

/* Begin PBXResourcesBuildPhase section */
		85886B082479314400EF7BEE /* Resources */ = {
			isa = PBXResourcesBuildPhase;
			buildActionMask = 2147483647;
			files = (
				85886B1D2479314800EF7BEE /* LaunchScreen.storyboard in Resources */,
				85886B1A2479314800EF7BEE /* Assets.xcassets in Resources */,
				85886B152479314400EF7BEE /* Main.storyboard in Resources */,
			);
			runOnlyForDeploymentPostprocessing = 0;
		};
/* End PBXResourcesBuildPhase section */

/* Begin PBXSourcesBuildPhase section */
		85886B062479314400EF7BEE /* Sources */ = {
			isa = PBXSourcesBuildPhase;
			buildActionMask = 2147483647;
			files = (
				85886B122479314400EF7BEE /* ViewController.swift in Sources */,
				85886B0E2479314400EF7BEE /* AppDelegate.swift in Sources */,
				85886B102479314400EF7BEE /* SceneDelegate.swift in Sources */,
				85886B182479314400EF7BEE /* TipMaster.xcdatamodeld in Sources */,
			);
			runOnlyForDeploymentPostprocessing = 0;
		};
/* End PBXSourcesBuildPhase section */

/* Begin PBXVariantGroup section */
		85886B132479314400EF7BEE /* Main.storyboard */ = {
			isa = PBXVariantGroup;
			children = (
				85886B142479314400EF7BEE /* Base */,
			);
			name = Main.storyboard;
			sourceTree = "<group>";
		};
		85886B1B2479314800EF7BEE /* LaunchScreen.storyboard */ = {
			isa = PBXVariantGroup;
			children = (
				85886B1C2479314800EF7BEE /* Base */,
			);
			name = LaunchScreen.storyboard;
			sourceTree = "<group>";
		};
/* End PBXVariantGroup section */

/* Begin XCBuildConfiguration section */
		85886B1F2479314800EF7BEE /* Debug */ = {
			isa = XCBuildConfiguration;
			buildSettings = {
				ALWAYS_SEARCH_USER_PATHS = NO;
				CLANG_ANALYZER_NONNULL = YES;
				CLANG_ANALYZER_NUMBER_OBJECT_CONVERSION = YES_AGGRESSIVE;
				CLANG_CXX_LANGUAGE_STANDARD = "gnu++14";
				CLANG_CXX_LIBRARY = "libc++";
				CLANG_ENABLE_MODULES = YES;
				CLANG_ENABLE_OBJC_ARC = YES;
				CLANG_ENABLE_OBJC_WEAK = YES;
				CLANG_WARN_BLOCK_CAPTURE_AUTORELEASING = YES;
				CLANG_WARN_BOOL_CONVERSION = YES;
				CLANG_WARN_COMMA = YES;
				CLANG_WARN_CONSTANT_CONVERSION = YES;
				CLANG_WARN_DEPRECATED_OBJC_IMPLEMENTATIONS = YES;
				CLANG_WARN_DIRECT_OBJC_ISA_USAGE = YES_ERROR;
				CLANG_WARN_DOCUMENTATION_COMMENTS = YES;
				CLANG_WARN_EMPTY_BODY = YES;
				CLANG_WARN_ENUM_CONVERSION = YES;
				CLANG_WARN_INFINITE_RECURSION = YES;
				CLANG_WARN_INT_CONVERSION = YES;
				CLANG_WARN_NON_LITERAL_NULL_CONVERSION = YES;
				CLANG_WARN_OBJC_IMPLICIT_RETAIN_SELF = YES;
				CLANG_WARN_OBJC_LITERAL_CONVERSION = YES;
				CLANG_WARN_OBJC_ROOT_CLASS = YES_ERROR;
				CLANG_WARN_RANGE_LOOP_ANALYSIS = YES;
				CLANG_WARN_STRICT_PROTOTYPES = YES;
				CLANG_WARN_SUSPICIOUS_MOVE = YES;
				CLANG_WARN_UNGUARDED_AVAILABILITY = YES_AGGRESSIVE;
				CLANG_WARN_UNREACHABLE_CODE = YES;
				CLANG_WARN__DUPLICATE_METHOD_MATCH = YES;
				COPY_PHASE_STRIP = NO;
				DEBUG_INFORMATION_FORMAT = dwarf;
				ENABLE_STRICT_OBJC_MSGSEND = YES;
				ENABLE_TESTABILITY = YES;
				GCC_C_LANGUAGE_STANDARD = gnu11;
				GCC_DYNAMIC_NO_PIC = NO;
				GCC_NO_COMMON_BLOCKS = YES;
				GCC_OPTIMIZATION_LEVEL = 0;
				GCC_PREPROCESSOR_DEFINITIONS = (
					"DEBUG=1",
					"$(inherited)",
				);
				GCC_WARN_64_TO_32_BIT_CONVERSION = YES;
				GCC_WARN_ABOUT_RETURN_TYPE = YES_ERROR;
				GCC_WARN_UNDECLARED_SELECTOR = YES;
				GCC_WARN_UNINITIALIZED_AUTOS = YES_AGGRESSIVE;
				GCC_WARN_UNUSED_FUNCTION = YES;
				GCC_WARN_UNUSED_VARIABLE = YES;
				IPHONEOS_DEPLOYMENT_TARGET = 13.4;
				MTL_ENABLE_DEBUG_INFO = INCLUDE_SOURCE;
				MTL_FAST_MATH = YES;
				ONLY_ACTIVE_ARCH = YES;
				SDKROOT = iphoneos;
				SWIFT_ACTIVE_COMPILATION_CONDITIONS = DEBUG;
				SWIFT_OPTIMIZATION_LEVEL = "-Onone";
			};
			name = Debug;
		};
		85886B202479314800EF7BEE /* Release */ = {
			isa = XCBuildConfiguration;
			buildSettings = {
				ALWAYS_SEARCH_USER_PATHS = NO;
				CLANG_ANALYZER_NONNULL = YES;
				CLANG_ANALYZER_NUMBER_OBJECT_CONVERSION = YES_AGGRESSIVE;
				CLANG_CXX_LANGUAGE_STANDARD = "gnu++14";
				CLANG_CXX_LIBRARY = "libc++";
				CLANG_ENABLE_MODULES = YES;
				CLANG_ENABLE_OBJC_ARC = YES;
				CLANG_ENABLE_OBJC_WEAK = YES;
				CLANG_WARN_BLOCK_CAPTURE_AUTORELEASING = YES;
				CLANG_WARN_BOOL_CONVERSION = YES;
				CLANG_WARN_COMMA = YES;
				CLANG_WARN_CONSTANT_CONVERSION = YES;
				CLANG_WARN_DEPRECATED_OBJC_IMPLEMENTATIONS = YES;
				CLANG_WARN_DIRECT_OBJC_ISA_USAGE = YES_ERROR;
				CLANG_WARN_DOCUMENTATION_COMMENTS = YES;
				CLANG_WARN_EMPTY_BODY = YES;
				CLANG_WARN_ENUM_CONVERSION = YES;
				CLANG_WARN_INFINITE_RECURSION = YES;
				CLANG_WARN_INT_CONVERSION = YES;
				CLANG_WARN_NON_LITERAL_NULL_CONVERSION = YES;
				CLANG_WARN_OBJC_IMPLICIT_RETAIN_SELF = YES;
				CLANG_WARN_OBJC_LITERAL_CONVERSION = YES;
				CLANG_WARN_OBJC_ROOT_CLASS = YES_ERROR;
				CLANG_WARN_RANGE_LOOP_ANALYSIS = YES;
				CLANG_WARN_STRICT_PROTOTYPES = YES;
				CLANG_WARN_SUSPICIOUS_MOVE = YES;
				CLANG_WARN_UNGUARDED_AVAILABILITY = YES_AGGRESSIVE;
				CLANG_WARN_UNREACHABLE_CODE = YES;
				CLANG_WARN__DUPLICATE_METHOD_MATCH = YES;
				COPY_PHASE_STRIP = NO;
				DEBUG_INFORMATION_FORMAT = "dwarf-with-dsym";
				ENABLE_NS_ASSERTIONS = NO;
				ENABLE_STRICT_OBJC_MSGSEND = YES;
				GCC_C_LANGUAGE_STANDARD = gnu11;
				GCC_NO_COMMON_BLOCKS = YES;
				GCC_WARN_64_TO_32_BIT_CONVERSION = YES;
				GCC_WARN_ABOUT_RETURN_TYPE = YES_ERROR;
				GCC_WARN_UNDECLARED_SELECTOR = YES;
				GCC_WARN_UNINITIALIZED_AUTOS = YES_AGGRESSIVE;
				GCC_WARN_UNUSED_FUNCTION = YES;
				GCC_WARN_UNUSED_VARIABLE = YES;
				IPHONEOS_DEPLOYMENT_TARGET = 13.4;
				MTL_ENABLE_DEBUG_INFO = NO;
				MTL_FAST_MATH = YES;
				SDKROOT = iphoneos;
				SWIFT_COMPILATION_MODE = wholemodule;
				SWIFT_OPTIMIZATION_LEVEL = "-O";
				VALIDATE_PRODUCT = YES;
			};
			name = Release;
		};
		85886B222479314800EF7BEE /* Debug */ = {
			isa = XCBuildConfiguration;
			buildSettings = {
				ASSETCATALOG_COMPILER_APPICON_NAME = AppIcon;
				CODE_SIGN_STYLE = Automatic;
				DEVELOPMENT_TEAM = UTARWJSL8M;
				ENABLE_HARDENED_RUNTIME = YES;
				INFOPLIST_FILE = TipMaster/Info.plist;
				LD_RUNPATH_SEARCH_PATHS = (
					"$(inherited)",
					"@executable_path/Frameworks",
				);
				PRODUCT_BUNDLE_IDENTIFIER = com.yos102.TipMaster;
				PRODUCT_NAME = "$(TARGET_NAME)";
				SWIFT_VERSION = 5.0;
				TARGETED_DEVICE_FAMILY = "1,2";
			};
			name = Debug;
		};
		85886B232479314800EF7BEE /* Release */ = {
			isa = XCBuildConfiguration;
			buildSettings = {
				ASSETCATALOG_COMPILER_APPICON_NAME = AppIcon;
				CODE_SIGN_STYLE = Automatic;
				DEVELOPMENT_TEAM = UTARWJSL8M;
				ENABLE_HARDENED_RUNTIME = YES;
				INFOPLIST_FILE = TipMaster/Info.plist;
				LD_RUNPATH_SEARCH_PATHS = (
					"$(inherited)",
					"@executable_path/Frameworks",
				);
				PRODUCT_BUNDLE_IDENTIFIER = com.yos102.TipMaster;
				PRODUCT_NAME = "$(TARGET_NAME)";
				SWIFT_VERSION = 5.0;
				TARGETED_DEVICE_FAMILY = "1,2";
			};
			name = Release;
		};
/* End XCBuildConfiguration section */

/* Begin XCConfigurationList section */
		85886B052479314400EF7BEE /* Build configuration list for PBXProject "TipMaster" */ = {
			isa = XCConfigurationList;
			buildConfigurations = (
				85886B1F2479314800EF7BEE /* Debug */,
				85886B202479314800EF7BEE /* Release */,
			);
			defaultConfigurationIsVisible = 0;
			defaultConfigurationName = Release;
		};
		85886B212479314800EF7BEE /* Build configuration list for PBXNativeTarget "TipMaster" */ = {
			isa = XCConfigurationList;
			buildConfigurations = (
				85886B222479314800EF7BEE /* Debug */,
				85886B232479314800EF7BEE /* Release */,
			);
			defaultConfigurationIsVisible = 0;
			defaultConfigurationName = Release;
		};
/* End XCConfigurationList section */

/* Begin XCVersionGroup section */
		85886B162479314400EF7BEE /* TipMaster.xcdatamodeld */ = {
			isa = XCVersionGroup;
			children = (
				85886B172479314400EF7BEE /* TipMaster.xcdatamodel */,
			);
			currentVersion = 85886B172479314400EF7BEE /* TipMaster.xcdatamodel */;
			path = TipMaster.xcdatamodeld;
			sourceTree = "<group>";
			versionGroupType = wrapper.xcdatamodel;
		};
/* End XCVersionGroup section */
	};
	rootObject = 85886B022479314400EF7BEE /* Project object */;
}
